
Microsoft Visual Studio Solution File, Format Version 12.00
# Visual Studio Version 17
VisualStudioVersion = 17.8.34330.188
MinimumVisualStudioVersion = 10.0.40219.1
Project("{FAE04EC0-301F-11D3-BF4B-00C04F79EFBC}") = "Jsgrid2", "Jsgrid2\Jsgrid2.csproj", "{468DB920-3637-41AD-872C-89CBE779D91D}"
EndProject
Global
	GlobalSection(SolutionConfigurationPlatforms) = preSolution
		Debug|Any CPU = Debug|Any CPU
		Release|Any CPU = Release|Any CPU
	EndGlobalSection
	GlobalSection(ProjectConfigurationPlatforms) = postSolution
		{468DB920-3637-41AD-872C-89CBE779D91D}.Debug|Any CPU.ActiveCfg = Debug|Any CPU
		{468DB920-3637-41AD-872C-89CBE779D91D}.Debug|Any CPU.Build.0 = Debug|Any CPU
		{468DB920-3637-41AD-872C-89CBE779D91D}.Release|Any CPU.ActiveCfg = Release|Any CPU
		{468DB920-3637-41AD-872C-89CBE779D91D}.Release|Any CPU.Build.0 = Release|Any CPU
	EndGlobalSection
	GlobalSection(SolutionProperties) = preSolution
		HideSolutionNode = FALSE
	EndGlobalSection
	GlobalSection(ExtensibilityGlobals) = postSolution
		SolutionGuid = {A5EB14F5-9CAB-4C07-8851-E2D22403E358}
	EndGlobalSection
EndGlobal
